
Microsoft Visual Studio Solution File, Format Version 12.00
# Visual Studio Version 16
VisualStudioVersion = 16.0.31729.503
MinimumVisualStudioVersion = 10.0.40219.1
Project("{9A19103F-16F7-4668-BE54-9A1E7A4F7556}") = "MOO.DAL", "MOO.DAL\MOO.DAL.csproj", "{1B5CAB6C-F98D-45E7-BB69-C55C53224128}"
EndProject
Project("{9A19103F-16F7-4668-BE54-9A1E7A4F7556}") = "DAL_UnitTest", "DAL_UnitTest\DAL_UnitTest.csproj", "{A8782854-AB83-4EBF-89C0-314E1022F5C2}"
EndProject
Global
	GlobalSection(SolutionConfigurationPlatforms) = preSolution
		Debug|Any CPU = Debug|Any CPU
		Release|Any CPU = Release|Any CPU
	EndGlobalSection
	GlobalSection(ProjectConfigurationPlatforms) = postSolution
		{1B5CAB6C-F98D-45E7-BB69-C55C53224128}.Debug|Any CPU.ActiveCfg = Debug|Any CPU
		{1B5CAB6C-F98D-45E7-BB69-C55C53224128}.Debug|Any CPU.Build.0 = Debug|Any CPU
		{1B5CAB6C-F98D-45E7-BB69-C55C53224128}.Release|Any CPU.ActiveCfg = Release|Any CPU
		{1B5CAB6C-F98D-45E7-BB69-C55C53224128}.Release|Any CPU.Build.0 = Release|Any CPU
		{A8782854-AB83-4EBF-89C0-314E1022F5C2}.Debug|Any CPU.ActiveCfg = Debug|Any CPU
		{A8782854-AB83-4EBF-89C0-314E1022F5C2}.Debug|Any CPU.Build.0 = Debug|Any CPU
		{A8782854-AB83-4EBF-89C0-314E1022F5C2}.Release|Any CPU.ActiveCfg = Release|Any CPU
		{A8782854-AB83-4EBF-89C0-314E1022F5C2}.Release|Any CPU.Build.0 = Release|Any CPU
	EndGlobalSection
	GlobalSection(SolutionProperties) = preSolution
		HideSolutionNode = FALSE
	EndGlobalSection
	GlobalSection(ExtensibilityGlobals) = postSolution
		SolutionGuid = {2546BBBB-A76B-46E9-B4AC-6688CB6CE7BB}
	EndGlobalSection
	GlobalSection(TeamFoundationVersionControl) = preSolution
		SccNumberOfProjects = 3
		SccEnterpriseProvider = {4CA58AB2-18FA-4F8D-95D4-32DDF27D184C}
		SccTeamFoundationServer = https://tfs.uss.com/special%20projects
		SccLocalPath0 = .
		SccProjectUniqueName1 = DAL_UnitTest\\DAL_UnitTest.csproj
		SccProjectName1 = DAL_UnitTest
		SccLocalPath1 = DAL_UnitTest
		SccProjectUniqueName2 = MOO.DAL\\MOO.DAL.csproj
		SccProjectName2 = MOO.DAL
		SccLocalPath2 = MOO.DAL
	EndGlobalSection
EndGlobal
