
Microsoft Visual Studio Solution File, Format Version 12.00
# Visual Studio Version 16
VisualStudioVersion = 16.0.31515.178
MinimumVisualStudioVersion = 10.0.40219.1
Project("{9A19103F-16F7-4668-BE54-9A1E7A4F7556}") = "MOO_AD", "MOO_AD\MOO_AD.csproj", "{7218CE15-F31A-4A36-9B12-07566E116328}"
EndProject
Project("{9A19103F-16F7-4668-BE54-9A1E7A4F7556}") = "MOO_AD_Unit_Test", "MOO_AD_Unit_Test\MOO_AD_Unit_Test.csproj", "{1846A33E-D25D-48DF-8F6C-8EBE806339FF}"
EndProject
Global
	GlobalSection(SolutionConfigurationPlatforms) = preSolution
		Debug|Any CPU = Debug|Any CPU
		Release|Any CPU = Release|Any CPU
	EndGlobalSection
	GlobalSection(ProjectConfigurationPlatforms) = postSolution
		{7218CE15-F31A-4A36-9B12-07566E116328}.Debug|Any CPU.ActiveCfg = Debug|Any CPU
		{7218CE15-F31A-4A36-9B12-07566E116328}.Debug|Any CPU.Build.0 = Debug|Any CPU
		{7218CE15-F31A-4A36-9B12-07566E116328}.Release|Any CPU.ActiveCfg = Release|Any CPU
		{7218CE15-F31A-4A36-9B12-07566E116328}.Release|Any CPU.Build.0 = Release|Any CPU
		{1846A33E-D25D-48DF-8F6C-8EBE806339FF}.Debug|Any CPU.ActiveCfg = Debug|Any CPU
		{1846A33E-D25D-48DF-8F6C-8EBE806339FF}.Debug|Any CPU.Build.0 = Debug|Any CPU
		{1846A33E-D25D-48DF-8F6C-8EBE806339FF}.Release|Any CPU.ActiveCfg = Release|Any CPU
		{1846A33E-D25D-48DF-8F6C-8EBE806339FF}.Release|Any CPU.Build.0 = Release|Any CPU
	EndGlobalSection
	GlobalSection(SolutionProperties) = preSolution
		HideSolutionNode = FALSE
	EndGlobalSection
	GlobalSection(ExtensibilityGlobals) = postSolution
		SolutionGuid = {BCA298EC-712B-402C-99EE-9CB25C2301E2}
	EndGlobalSection
	GlobalSection(TeamFoundationVersionControl) = preSolution
		SccNumberOfProjects = 3
		SccEnterpriseProvider = {4CA58AB2-18FA-4F8D-95D4-32DDF27D184C}
		SccTeamFoundationServer = https://tfs.uss.com/special%20projects
		SccLocalPath0 = .
		SccProjectUniqueName1 = MOO_AD\\MOO_AD.csproj
		SccProjectName1 = MOO_AD
		SccLocalPath1 = MOO_AD
		SccProjectUniqueName2 = MOO_AD_Unit_Test\\MOO_AD_Unit_Test.csproj
		SccProjectName2 = MOO_AD_Unit_Test
		SccLocalPath2 = MOO_AD_Unit_Test
	EndGlobalSection
EndGlobal
