
Microsoft Visual Studio Solution File, Format Version 12.00
# Visual Studio Version 17
VisualStudioVersion = 17.9.34728.123
MinimumVisualStudioVersion = 10.0.40219.1
Project("{9A19103F-16F7-4668-BE54-9A1E7A4F7556}") = "OM_Lab", "OM_Lab\OM_Lab.csproj", "{4A541FF3-E0F6-49A5-BE92-4243444E0958}"
EndProject
Project("{FAE04EC0-301F-11D3-BF4B-00C04F79EFBC}") = "MOO", "..\..\..\Apps\MOO\MOO\MOO.csproj", "{B67BC879-6FE1-7BAC-F120-E4D1477C8614}"
EndProject
Project("{FAE04EC0-301F-11D3-BF4B-00C04F79EFBC}") = "MOO.Blazor", "..\..\..\Apps\MOO.Blazor\MOO.Blazor\MOO.Blazor.csproj", "{92D35FB8-FC23-1293-5237-949349CBE5AD}"
EndProject
Project("{FAE04EC0-301F-11D3-BF4B-00C04F79EFBC}") = "MOO_AD", "..\..\..\Apps\MOO_AD\MOO_AD\MOO_AD.csproj", "{384BCDDF-9F62-2BCB-550D-74A1A53D858F}"
EndProject
Project("{FAE04EC0-301F-11D3-BF4B-00C04F79EFBC}") = "MOO.DAL", "..\..\..\Apps\MOO.DAL\MOO.DAL\MOO.DAL.csproj", "{E8C7C3FF-3A64-0B8D-7543-BCE271C43CA1}"
EndProject
Global
	GlobalSection(SolutionConfigurationPlatforms) = preSolution
		Debug|Any CPU = Debug|Any CPU
		Release|Any CPU = Release|Any CPU
	EndGlobalSection
	GlobalSection(ProjectConfigurationPlatforms) = postSolution
		{4A541FF3-E0F6-49A5-BE92-4243444E0958}.Debug|Any CPU.ActiveCfg = Debug|Any CPU
		{4A541FF3-E0F6-49A5-BE92-4243444E0958}.Debug|Any CPU.Build.0 = Debug|Any CPU
		{4A541FF3-E0F6-49A5-BE92-4243444E0958}.Release|Any CPU.ActiveCfg = Release|Any CPU
		{4A541FF3-E0F6-49A5-BE92-4243444E0958}.Release|Any CPU.Build.0 = Release|Any CPU
		{B67BC879-6FE1-7BAC-F120-E4D1477C8614}.Debug|Any CPU.ActiveCfg = Debug|Any CPU
		{B67BC879-6FE1-7BAC-F120-E4D1477C8614}.Debug|Any CPU.Build.0 = Debug|Any CPU
		{B67BC879-6FE1-7BAC-F120-E4D1477C8614}.Release|Any CPU.ActiveCfg = Release|Any CPU
		{B67BC879-6FE1-7BAC-F120-E4D1477C8614}.Release|Any CPU.Build.0 = Release|Any CPU
		{92D35FB8-FC23-1293-5237-949349CBE5AD}.Debug|Any CPU.ActiveCfg = Debug|Any CPU
		{92D35FB8-FC23-1293-5237-949349CBE5AD}.Debug|Any CPU.Build.0 = Debug|Any CPU
		{92D35FB8-FC23-1293-5237-949349CBE5AD}.Release|Any CPU.ActiveCfg = Release|Any CPU
		{92D35FB8-FC23-1293-5237-949349CBE5AD}.Release|Any CPU.Build.0 = Release|Any CPU
		{384BCDDF-9F62-2BCB-550D-74A1A53D858F}.Debug|Any CPU.ActiveCfg = Debug|Any CPU
		{384BCDDF-9F62-2BCB-550D-74A1A53D858F}.Debug|Any CPU.Build.0 = Debug|Any CPU
		{384BCDDF-9F62-2BCB-550D-74A1A53D858F}.Release|Any CPU.ActiveCfg = Release|Any CPU
		{384BCDDF-9F62-2BCB-550D-74A1A53D858F}.Release|Any CPU.Build.0 = Release|Any CPU
		{E8C7C3FF-3A64-0B8D-7543-BCE271C43CA1}.Debug|Any CPU.ActiveCfg = Debug|Any CPU
		{E8C7C3FF-3A64-0B8D-7543-BCE271C43CA1}.Debug|Any CPU.Build.0 = Debug|Any CPU
		{E8C7C3FF-3A64-0B8D-7543-BCE271C43CA1}.Release|Any CPU.ActiveCfg = Release|Any CPU
		{E8C7C3FF-3A64-0B8D-7543-BCE271C43CA1}.Release|Any CPU.Build.0 = Release|Any CPU
	EndGlobalSection
	GlobalSection(SolutionProperties) = preSolution
		HideSolutionNode = FALSE
	EndGlobalSection
	GlobalSection(ExtensibilityGlobals) = postSolution
		SolutionGuid = {E1B5705F-F2B6-447F-8925-AB309489E14B}
	EndGlobalSection
EndGlobal
